
Microsoft Visual Studio Solution File, Format Version 12.00
# Visual Studio Version 17
VisualStudioVersion = 17.2.32616.157
MinimumVisualStudioVersion = 10.0.40219.1
Project("{FAE04EC0-301F-11D3-BF4B-00C04F79EFBC}") = "FaLP_1", "FaLP_1.csproj", "{E785989E-0973-4E45-AA2A-C5EBF3343002}"
EndProject
Global
	GlobalSection(SolutionConfigurationPlatforms) = preSolution
		Debug|Any CPU = Debug|Any CPU
		Release|Any CPU = Release|Any CPU
	EndGlobalSection
	GlobalSection(ProjectConfigurationPlatforms) = postSolution
		{E785989E-0973-4E45-AA2A-C5EBF3343002}.Debug|Any CPU.ActiveCfg = Debug|Any CPU
		{E785989E-0973-4E45-AA2A-C5EBF3343002}.Debug|Any CPU.Build.0 = Debug|Any CPU
		{E785989E-0973-4E45-AA2A-C5EBF3343002}.Release|Any CPU.ActiveCfg = Release|Any CPU
		{E785989E-0973-4E45-AA2A-C5EBF3343002}.Release|Any CPU.Build.0 = Release|Any CPU
	EndGlobalSection
	GlobalSection(SolutionProperties) = preSolution
		HideSolutionNode = FALSE
	EndGlobalSection
	GlobalSection(ExtensibilityGlobals) = postSolution
		SolutionGuid = {DFE3F872-AFDA-4C79-9DE6-231B34E841E4}
	EndGlobalSection
EndGlobal
